
Microsoft Visual Studio Solution File, Format Version 10.00
# Visual Studio 2008
Project("{FAE04EC0-301F-11D3-BF4B-00C04F79EFBC}") = "Control Generator", "Control Generator.csproj", "{0C07CE38-F785-4B3C-B478-A248C5A27A7D}"
EndProject
Project("{54435603-DBB4-11D2-8724-00A0C9A8B90C}") = "Install", "..\Install\Install.vdproj", "{71218B3D-B0A7-452C-BAA6-1DACBFF5B4BA}"
EndProject
Global
	GlobalSection(SolutionConfigurationPlatforms) = preSolution
		Debug|Any CPU = Debug|Any CPU
		Release|Any CPU = Release|Any CPU
	EndGlobalSection
	GlobalSection(ProjectConfigurationPlatforms) = postSolution
		{0C07CE38-F785-4B3C-B478-A248C5A27A7D}.Debug|Any CPU.ActiveCfg = Debug|Any CPU
		{0C07CE38-F785-4B3C-B478-A248C5A27A7D}.Debug|Any CPU.Build.0 = Debug|Any CPU
		{0C07CE38-F785-4B3C-B478-A248C5A27A7D}.Release|Any CPU.ActiveCfg = Release|Any CPU
		{0C07CE38-F785-4B3C-B478-A248C5A27A7D}.Release|Any CPU.Build.0 = Release|Any CPU
		{71218B3D-B0A7-452C-BAA6-1DACBFF5B4BA}.Debug|Any CPU.ActiveCfg = Debug
		{71218B3D-B0A7-452C-BAA6-1DACBFF5B4BA}.Release|Any CPU.ActiveCfg = Release
	EndGlobalSection
	GlobalSection(SolutionProperties) = preSolution
		HideSolutionNode = FALSE
	EndGlobalSection
EndGlobal
